{
  "requires": true,
  "lockfileVersion": 1,
  "dependencies": {
    "@uniswap/v3-core": {
      "version": "1.0.1",
      "resolved": "https://registry.npmjs.org/@uniswap/v3-core/-/v3-core-1.0.1.tgz",
      "integrity": "sha512-7pVk4hEm00j9tc71Y9+ssYpO6ytkeI0y7WE9P6UcmNzhxPePwyAxImuhVsTqWK9YFvzgtvzJHi64pBl4jUzKMQ=="
    }
  }
}
